
Microsoft Visual Studio Solution File, Format Version 12.00
# Visual Studio Version 16
VisualStudioVersion = 16.0.31005.135
MinimumVisualStudioVersion = 10.0.40219.1
Project("{FAE04EC0-301F-11D3-BF4B-00C04F79EFBC}") = "Entities", "Entities\Entities.csproj", "{514E7F76-5F94-4EF1-9562-E500C442CCAE}"
EndProject
Project("{FAE04EC0-301F-11D3-BF4B-00C04F79EFBC}") = "DataAccess", "DataAccess\DataAccess.csproj", "{E05026CD-E4D4-4752-AD19-8D79D1DD0532}"
EndProject
Project("{FAE04EC0-301F-11D3-BF4B-00C04F79EFBC}") = "Core", "Core\Core.csproj", "{AD7BB8D0-7246-4EBD-9FA6-485795C4936E}"
EndProject
Project("{FAE04EC0-301F-11D3-BF4B-00C04F79EFBC}") = "Business", "Business\Business.csproj", "{77B388B9-52D3-4F59-9E92-06EA689AC61E}"
EndProject
Project("{FAE04EC0-301F-11D3-BF4B-00C04F79EFBC}") = "WebAPI", "WebAPI\WebAPI.csproj", "{B88417CE-0607-4EB0-A6F8-6E3250781A31}"
EndProject
Global
	GlobalSection(SolutionConfigurationPlatforms) = preSolution
		Debug|Any CPU = Debug|Any CPU
		Release|Any CPU = Release|Any CPU
	EndGlobalSection
	GlobalSection(ProjectConfigurationPlatforms) = postSolution
		{514E7F76-5F94-4EF1-9562-E500C442CCAE}.Debug|Any CPU.ActiveCfg = Debug|Any CPU
		{514E7F76-5F94-4EF1-9562-E500C442CCAE}.Debug|Any CPU.Build.0 = Debug|Any CPU
		{514E7F76-5F94-4EF1-9562-E500C442CCAE}.Release|Any CPU.ActiveCfg = Release|Any CPU
		{514E7F76-5F94-4EF1-9562-E500C442CCAE}.Release|Any CPU.Build.0 = Release|Any CPU
		{E05026CD-E4D4-4752-AD19-8D79D1DD0532}.Debug|Any CPU.ActiveCfg = Debug|Any CPU
		{E05026CD-E4D4-4752-AD19-8D79D1DD0532}.Debug|Any CPU.Build.0 = Debug|Any CPU
		{E05026CD-E4D4-4752-AD19-8D79D1DD0532}.Release|Any CPU.ActiveCfg = Release|Any CPU
		{E05026CD-E4D4-4752-AD19-8D79D1DD0532}.Release|Any CPU.Build.0 = Release|Any CPU
		{AD7BB8D0-7246-4EBD-9FA6-485795C4936E}.Debug|Any CPU.ActiveCfg = Debug|Any CPU
		{AD7BB8D0-7246-4EBD-9FA6-485795C4936E}.Debug|Any CPU.Build.0 = Debug|Any CPU
		{AD7BB8D0-7246-4EBD-9FA6-485795C4936E}.Release|Any CPU.ActiveCfg = Release|Any CPU
		{AD7BB8D0-7246-4EBD-9FA6-485795C4936E}.Release|Any CPU.Build.0 = Release|Any CPU
		{77B388B9-52D3-4F59-9E92-06EA689AC61E}.Debug|Any CPU.ActiveCfg = Debug|Any CPU
		{77B388B9-52D3-4F59-9E92-06EA689AC61E}.Debug|Any CPU.Build.0 = Debug|Any CPU
		{77B388B9-52D3-4F59-9E92-06EA689AC61E}.Release|Any CPU.ActiveCfg = Release|Any CPU
		{77B388B9-52D3-4F59-9E92-06EA689AC61E}.Release|Any CPU.Build.0 = Release|Any CPU
		{B88417CE-0607-4EB0-A6F8-6E3250781A31}.Debug|Any CPU.ActiveCfg = Debug|Any CPU
		{B88417CE-0607-4EB0-A6F8-6E3250781A31}.Debug|Any CPU.Build.0 = Debug|Any CPU
		{B88417CE-0607-4EB0-A6F8-6E3250781A31}.Release|Any CPU.ActiveCfg = Release|Any CPU
		{B88417CE-0607-4EB0-A6F8-6E3250781A31}.Release|Any CPU.Build.0 = Release|Any CPU
	EndGlobalSection
	GlobalSection(SolutionProperties) = preSolution
		HideSolutionNode = FALSE
	EndGlobalSection
	GlobalSection(ExtensibilityGlobals) = postSolution
		SolutionGuid = {5435B862-96E7-4318-803D-6F325675F2BB}
	EndGlobalSection
EndGlobal
